
Microsoft Visual Studio Solution File, Format Version 12.00
# Visual Studio Version 16
VisualStudioVersion = 16.0.32802.440
MinimumVisualStudioVersion = 10.0.40219.1
Project("{FAE04EC0-301F-11D3-BF4B-00C04F79EFBC}") = "PROJECT 1 TEXT Analyser", "PROJECT 1 TEXT Analyser\PROJECT 1 TEXT Analyser.csproj", "{7D453D4E-94E5-472A-B62E-2E029A74B335}"
EndProject
Global
	GlobalSection(SolutionConfigurationPlatforms) = preSolution
		Debug|Any CPU = Debug|Any CPU
		Release|Any CPU = Release|Any CPU
	EndGlobalSection
	GlobalSection(ProjectConfigurationPlatforms) = postSolution
		{7D453D4E-94E5-472A-B62E-2E029A74B335}.Debug|Any CPU.ActiveCfg = Debug|Any CPU
		{7D453D4E-94E5-472A-B62E-2E029A74B335}.Debug|Any CPU.Build.0 = Debug|Any CPU
		{7D453D4E-94E5-472A-B62E-2E029A74B335}.Release|Any CPU.ActiveCfg = Release|Any CPU
		{7D453D4E-94E5-472A-B62E-2E029A74B335}.Release|Any CPU.Build.0 = Release|Any CPU
	EndGlobalSection
	GlobalSection(SolutionProperties) = preSolution
		HideSolutionNode = FALSE
	EndGlobalSection
	GlobalSection(ExtensibilityGlobals) = postSolution
		SolutionGuid = {8334D3D4-A00E-440A-B2D7-8E3E0A9A9F43}
	EndGlobalSection
EndGlobal
