
Microsoft Visual Studio Solution File, Format Version 12.00
# Visual Studio Version 16
VisualStudioVersion = 16.0.32802.440
MinimumVisualStudioVersion = 10.0.40219.1
Project("{FAE04EC0-301F-11D3-BF4B-00C04F79EFBC}") = "20 FIND logest common sequence", "20 FIND logest common sequence\20 FIND logest common sequence.csproj", "{C3C1E3B1-8969-4E73-8A98-48892DD50B3C}"
EndProject
Global
	GlobalSection(SolutionConfigurationPlatforms) = preSolution
		Debug|Any CPU = Debug|Any CPU
		Release|Any CPU = Release|Any CPU
	EndGlobalSection
	GlobalSection(ProjectConfigurationPlatforms) = postSolution
		{C3C1E3B1-8969-4E73-8A98-48892DD50B3C}.Debug|Any CPU.ActiveCfg = Debug|Any CPU
		{C3C1E3B1-8969-4E73-8A98-48892DD50B3C}.Debug|Any CPU.Build.0 = Debug|Any CPU
		{C3C1E3B1-8969-4E73-8A98-48892DD50B3C}.Release|Any CPU.ActiveCfg = Release|Any CPU
		{C3C1E3B1-8969-4E73-8A98-48892DD50B3C}.Release|Any CPU.Build.0 = Release|Any CPU
	EndGlobalSection
	GlobalSection(SolutionProperties) = preSolution
		HideSolutionNode = FALSE
	EndGlobalSection
	GlobalSection(ExtensibilityGlobals) = postSolution
		SolutionGuid = {4CBD4DCD-E08A-45AE-81E2-6EE87C023384}
	EndGlobalSection
EndGlobal
